// !$*UTF8*$!
{
	archiveVersion = 1;
	classes = {
	};
	objectVersion = 56;
	objects = {

/* Begin PBXBuildFile section */
		5810D0352CFF6EB200ED3D12 /* UIImage+extension.swift in Sources */ = {isa = PBXBuildFile; fileRef = 5810D0342CFF6EB200ED3D12 /* UIImage+extension.swift */; };
		5810D03E2D006ACF00ED3D12 /* AktivGroteskCorp-Bold.ttf in Resources */ = {isa = PBXBuildFile; fileRef = 5810D03D2D006ACF00ED3D12 /* AktivGroteskCorp-Bold.ttf */; };
		5810D03F2D006ACF00ED3D12 /* AktivGroteskCorp-Bold.ttf in Resources */ = {isa = PBXBuildFile; fileRef = 5810D03D2D006ACF00ED3D12 /* AktivGroteskCorp-Bold.ttf */; };
		5810D0412D006AD500ED3D12 /* AktivGroteskCorp-Medium.ttf in Resources */ = {isa = PBXBuildFile; fileRef = 5810D0402D006AD500ED3D12 /* AktivGroteskCorp-Medium.ttf */; };
		5810D0422D006AD500ED3D12 /* AktivGroteskCorp-Medium.ttf in Resources */ = {isa = PBXBuildFile; fileRef = 5810D0402D006AD500ED3D12 /* AktivGroteskCorp-Medium.ttf */; };
		5810D0462D006B5600ED3D12 /* AlertError.swift in Sources */ = {isa = PBXBuildFile; fileRef = 5810D0452D006B5600ED3D12 /* AlertError.swift */; };
		5810D0482D006B6400ED3D12 /* Product.swift in Sources */ = {isa = PBXBuildFile; fileRef = 5810D0472D006B6400ED3D12 /* Product.swift */; };
		5858543B2CD6CC6600BDDC20 /* Font+Aktiv.swift in Sources */ = {isa = PBXBuildFile; fileRef = 5858543A2CD6CC6600BDDC20 /* Font+Aktiv.swift */; };
		5858543F2CD6E40000BDDC20 /* AppTextMain.swift in Sources */ = {isa = PBXBuildFile; fileRef = 5858543E2CD6E40000BDDC20 /* AppTextMain.swift */; };
		585854412CD6E44B00BDDC20 /* Text+extension.swift in Sources */ = {isa = PBXBuildFile; fileRef = 585854402CD6E44B00BDDC20 /* Text+extension.swift */; };
		5858544D2CD9132400BDDC20 /* APIClient.swift in Sources */ = {isa = PBXBuildFile; fileRef = 5858544C2CD9132400BDDC20 /* APIClient.swift */; };
		5858544F2CD9135000BDDC20 /* Endpoint.swift in Sources */ = {isa = PBXBuildFile; fileRef = 5858544E2CD9135000BDDC20 /* Endpoint.swift */; };
		585854512CD9135900BDDC20 /* Response.swift in Sources */ = {isa = PBXBuildFile; fileRef = 585854502CD9135900BDDC20 /* Response.swift */; };
		585854532CD9136300BDDC20 /* NetworkError.swift in Sources */ = {isa = PBXBuildFile; fileRef = 585854522CD9136300BDDC20 /* NetworkError.swift */; };
		585854552CD9137800BDDC20 /* Errors.swift in Sources */ = {isa = PBXBuildFile; fileRef = 585854542CD9137800BDDC20 /* Errors.swift */; };
		585854572CD913B100BDDC20 /* GlobalFunctions.swift in Sources */ = {isa = PBXBuildFile; fileRef = 585854562CD913B100BDDC20 /* GlobalFunctions.swift */; };
		5858545A2CD9269A00BDDC20 /* DummyjsonAPI.swift in Sources */ = {isa = PBXBuildFile; fileRef = 585854592CD9269A00BDDC20 /* DummyjsonAPI.swift */; };
		5858545E2CD93E4600BDDC20 /* View+Alert.swift in Sources */ = {isa = PBXBuildFile; fileRef = 5858545D2CD93E4600BDDC20 /* View+Alert.swift */; };
		585854622CD940E200BDDC20 /* Alert.swift in Sources */ = {isa = PBXBuildFile; fileRef = 585854612CD940E200BDDC20 /* Alert.swift */; };
		585854642CD95B8B00BDDC20 /* ScrollTrackingView.swift in Sources */ = {isa = PBXBuildFile; fileRef = 585854632CD95B8B00BDDC20 /* ScrollTrackingView.swift */; };
		585854662CD95BA500BDDC20 /* ArrowUpButtonView.swift in Sources */ = {isa = PBXBuildFile; fileRef = 585854652CD95BA500BDDC20 /* ArrowUpButtonView.swift */; };
		585854682CD95BC100BDDC20 /* View+Shadow.swift in Sources */ = {isa = PBXBuildFile; fileRef = 585854672CD95BC100BDDC20 /* View+Shadow.swift */; };
		5858546A2CD95BD300BDDC20 /* AppShadows.swift in Sources */ = {isa = PBXBuildFile; fileRef = 585854692CD95BD300BDDC20 /* AppShadows.swift */; };
		5858546C2CD964E300BDDC20 /* ProductGridCardView.swift in Sources */ = {isa = PBXBuildFile; fileRef = 5858546B2CD964E300BDDC20 /* ProductGridCardView.swift */; };
		585854702CD96BCC00BDDC20 /* View+ProductDetailView.swift in Sources */ = {isa = PBXBuildFile; fileRef = 5858546F2CD96BCC00BDDC20 /* View+ProductDetailView.swift */; };
		585854722CD96C1200BDDC20 /* ProductDetailView.swift in Sources */ = {isa = PBXBuildFile; fileRef = 585854712CD96C1200BDDC20 /* ProductDetailView.swift */; };
		585854BB2CE7C04600BDDC20 /* HomeViewModel_Tests.swift in Sources */ = {isa = PBXBuildFile; fileRef = 585854BA2CE7C04600BDDC20 /* HomeViewModel_Tests.swift */; };
		585854CC2CE8C62800BDDC20 /* HomeView_UITests.swift in Sources */ = {isa = PBXBuildFile; fileRef = 585854CB2CE8C62700BDDC20 /* HomeView_UITests.swift */; };
		58C49F932CD3AA22000573F1 /* ProductCatalogApp.swift in Sources */ = {isa = PBXBuildFile; fileRef = 58C49F922CD3AA22000573F1 /* ProductCatalogApp.swift */; };
		58C49F972CD3AA25000573F1 /* Assets.xcassets in Resources */ = {isa = PBXBuildFile; fileRef = 58C49F962CD3AA25000573F1 /* Assets.xcassets */; };
		58C49F9A2CD3AA25000573F1 /* Preview Assets.xcassets in Resources */ = {isa = PBXBuildFile; fileRef = 58C49F992CD3AA25000573F1 /* Preview Assets.xcassets */; };
		58C49FAE2CD3AD06000573F1 /* RootView.swift in Sources */ = {isa = PBXBuildFile; fileRef = 58C49FAD2CD3AD06000573F1 /* RootView.swift */; };
		58C49FB12CD3AD1C000573F1 /* RootViewModel.swift in Sources */ = {isa = PBXBuildFile; fileRef = 58C49FB02CD3AD1C000573F1 /* RootViewModel.swift */; };
		58C49FB32CD3AD50000573F1 /* AppRouter.swift in Sources */ = {isa = PBXBuildFile; fileRef = 58C49FB22CD3AD50000573F1 /* AppRouter.swift */; };
		58C49FBB2CD3AEC5000573F1 /* HomeView.swift in Sources */ = {isa = PBXBuildFile; fileRef = 58C49FBA2CD3AEC5000573F1 /* HomeView.swift */; };
		58C49FBF2CD3AED1000573F1 /* PreloaderView.swift in Sources */ = {isa = PBXBuildFile; fileRef = 58C49FBE2CD3AED1000573F1 /* PreloaderView.swift */; };
		58C49FC12CD3B050000573F1 /* View+extension.swift in Sources */ = {isa = PBXBuildFile; fileRef = 58C49FC02CD3B050000573F1 /* View+extension.swift */; };
		58C49FC32CD3B06E000573F1 /* AppSizes.swift in Sources */ = {isa = PBXBuildFile; fileRef = 58C49FC22CD3B06E000573F1 /* AppSizes.swift */; };
		58C49FC52CD3B1E3000573F1 /* DependancyContainer.swift in Sources */ = {isa = PBXBuildFile; fileRef = 58C49FC42CD3B1E3000573F1 /* DependancyContainer.swift */; };
		58C49FCA2CD3B30B000573F1 /* HomeViewModel.swift in Sources */ = {isa = PBXBuildFile; fileRef = 58C49FC92CD3B30B000573F1 /* HomeViewModel.swift */; };
		58C49FCE2CD62B21000573F1 /* LoadingView.swift in Sources */ = {isa = PBXBuildFile; fileRef = 58C49FCD2CD62B21000573F1 /* LoadingView.swift */; };
		58C4A0132CD65F6F000573F1 /* AsyncImage.swift in Sources */ = {isa = PBXBuildFile; fileRef = 58C4A0122CD65F6E000573F1 /* AsyncImage.swift */; };
		58C4A0152CD65F8C000573F1 /* ImageLoader.swift in Sources */ = {isa = PBXBuildFile; fileRef = 58C4A0142CD65F8C000573F1 /* ImageLoader.swift */; };
		58C4A0172CD65FA7000573F1 /* SharedImageCache.swift in Sources */ = {isa = PBXBuildFile; fileRef = 58C4A0162CD65FA7000573F1 /* SharedImageCache.swift */; };
		58C4A01A2CD66016000573F1 /* CustomProgressView.swift in Sources */ = {isa = PBXBuildFile; fileRef = 58C4A0192CD66016000573F1 /* CustomProgressView.swift */; };
/* End PBXBuildFile section */

/* Begin PBXContainerItemProxy section */
		585854B52CE7C00800BDDC20 /* PBXContainerItemProxy */ = {
			isa = PBXContainerItemProxy;
			containerPortal = 58C49F872CD3AA22000573F1 /* Project object */;
			proxyType = 1;
			remoteGlobalIDString = 58C49F8E2CD3AA22000573F1;
			remoteInfo = ProductCatalog;
		};
		585854C62CE8C4EF00BDDC20 /* PBXContainerItemProxy */ = {
			isa = PBXContainerItemProxy;
			containerPortal = 58C49F872CD3AA22000573F1 /* Project object */;
			proxyType = 1;
			remoteGlobalIDString = 58C49F8E2CD3AA22000573F1;
			remoteInfo = ProductCatalog;
		};
/* End PBXContainerItemProxy section */

/* Begin PBXFileReference section */
		5810D0342CFF6EB200ED3D12 /* UIImage+extension.swift */ = {isa = PBXFileReference; lastKnownFileType = sourcecode.swift; path = "UIImage+extension.swift"; sourceTree = "<group>"; };
		5810D03D2D006ACF00ED3D12 /* AktivGroteskCorp-Bold.ttf */ = {isa = PBXFileReference; lastKnownFileType = file; path = "AktivGroteskCorp-Bold.ttf"; sourceTree = "<group>"; };
		5810D0402D006AD500ED3D12 /* AktivGroteskCorp-Medium.ttf */ = {isa = PBXFileReference; lastKnownFileType = file; path = "AktivGroteskCorp-Medium.ttf"; sourceTree = "<group>"; };
		5810D0452D006B5600ED3D12 /* AlertError.swift */ = {isa = PBXFileReference; lastKnownFileType = sourcecode.swift; path = AlertError.swift; sourceTree = "<group>"; };
		5810D0472D006B6400ED3D12 /* Product.swift */ = {isa = PBXFileReference; lastKnownFileType = sourcecode.swift; path = Product.swift; sourceTree = "<group>"; };
		5858543A2CD6CC6600BDDC20 /* Font+Aktiv.swift */ = {isa = PBXFileReference; lastKnownFileType = sourcecode.swift; path = "Font+Aktiv.swift"; sourceTree = "<group>"; };
		5858543E2CD6E40000BDDC20 /* AppTextMain.swift */ = {isa = PBXFileReference; lastKnownFileType = sourcecode.swift; path = AppTextMain.swift; sourceTree = "<group>"; };
		585854402CD6E44B00BDDC20 /* Text+extension.swift */ = {isa = PBXFileReference; lastKnownFileType = sourcecode.swift; path = "Text+extension.swift"; sourceTree = "<group>"; };
		5858544B2CD6E8EF00BDDC20 /* Info.plist */ = {isa = PBXFileReference; lastKnownFileType = text.plist.xml; path = Info.plist; sourceTree = "<group>"; };
		5858544C2CD9132400BDDC20 /* APIClient.swift */ = {isa = PBXFileReference; lastKnownFileType = sourcecode.swift; path = APIClient.swift; sourceTree = "<group>"; };
		5858544E2CD9135000BDDC20 /* Endpoint.swift */ = {isa = PBXFileReference; lastKnownFileType = sourcecode.swift; path = Endpoint.swift; sourceTree = "<group>"; };
		585854502CD9135900BDDC20 /* Response.swift */ = {isa = PBXFileReference; lastKnownFileType = sourcecode.swift; path = Response.swift; sourceTree = "<group>"; };
		585854522CD9136300BDDC20 /* NetworkError.swift */ = {isa = PBXFileReference; lastKnownFileType = sourcecode.swift; path = NetworkError.swift; sourceTree = "<group>"; };
		585854542CD9137800BDDC20 /* Errors.swift */ = {isa = PBXFileReference; lastKnownFileType = sourcecode.swift; path = Errors.swift; sourceTree = "<group>"; };
		585854562CD913B100BDDC20 /* GlobalFunctions.swift */ = {isa = PBXFileReference; lastKnownFileType = sourcecode.swift; path = GlobalFunctions.swift; sourceTree = "<group>"; };
		585854592CD9269A00BDDC20 /* DummyjsonAPI.swift */ = {isa = PBXFileReference; lastKnownFileType = sourcecode.swift; path = DummyjsonAPI.swift; sourceTree = "<group>"; };
		5858545D2CD93E4600BDDC20 /* View+Alert.swift */ = {isa = PBXFileReference; lastKnownFileType = sourcecode.swift; path = "View+Alert.swift"; sourceTree = "<group>"; };
		585854612CD940E200BDDC20 /* Alert.swift */ = {isa = PBXFileReference; lastKnownFileType = sourcecode.swift; path = Alert.swift; sourceTree = "<group>"; };
		585854632CD95B8B00BDDC20 /* ScrollTrackingView.swift */ = {isa = PBXFileReference; lastKnownFileType = sourcecode.swift; path = ScrollTrackingView.swift; sourceTree = "<group>"; };
		585854652CD95BA500BDDC20 /* ArrowUpButtonView.swift */ = {isa = PBXFileReference; lastKnownFileType = sourcecode.swift; path = ArrowUpButtonView.swift; sourceTree = "<group>"; };
		585854672CD95BC100BDDC20 /* View+Shadow.swift */ = {isa = PBXFileReference; lastKnownFileType = sourcecode.swift; path = "View+Shadow.swift"; sourceTree = "<group>"; };
		585854692CD95BD300BDDC20 /* AppShadows.swift */ = {isa = PBXFileReference; lastKnownFileType = sourcecode.swift; path = AppShadows.swift; sourceTree = "<group>"; };
		5858546B2CD964E300BDDC20 /* ProductGridCardView.swift */ = {isa = PBXFileReference; lastKnownFileType = sourcecode.swift; path = ProductGridCardView.swift; sourceTree = "<group>"; };
		5858546F2CD96BCC00BDDC20 /* View+ProductDetailView.swift */ = {isa = PBXFileReference; lastKnownFileType = sourcecode.swift; path = "View+ProductDetailView.swift"; sourceTree = "<group>"; };
		585854712CD96C1200BDDC20 /* ProductDetailView.swift */ = {isa = PBXFileReference; lastKnownFileType = sourcecode.swift; path = ProductDetailView.swift; sourceTree = "<group>"; };
		585854B12CE7C00800BDDC20 /* ProductCatalog_Tests.xctest */ = {isa = PBXFileReference; explicitFileType = wrapper.cfbundle; includeInIndex = 0; path = ProductCatalog_Tests.xctest; sourceTree = BUILT_PRODUCTS_DIR; };
		585854BA2CE7C04600BDDC20 /* HomeViewModel_Tests.swift */ = {isa = PBXFileReference; lastKnownFileType = sourcecode.swift; path = HomeViewModel_Tests.swift; sourceTree = "<group>"; };
		585854C02CE8C4EF00BDDC20 /* ProductCatalog_UITests.xctest */ = {isa = PBXFileReference; explicitFileType = wrapper.cfbundle; includeInIndex = 0; path = ProductCatalog_UITests.xctest; sourceTree = BUILT_PRODUCTS_DIR; };
		585854CB2CE8C62700BDDC20 /* HomeView_UITests.swift */ = {isa = PBXFileReference; lastKnownFileType = sourcecode.swift; path = HomeView_UITests.swift; sourceTree = "<group>"; };
		58C49F8F2CD3AA22000573F1 /* ProductCatalog.app */ = {isa = PBXFileReference; explicitFileType = wrapper.application; includeInIndex = 0; path = ProductCatalog.app; sourceTree = BUILT_PRODUCTS_DIR; };
		58C49F922CD3AA22000573F1 /* ProductCatalogApp.swift */ = {isa = PBXFileReference; lastKnownFileType = sourcecode.swift; path = ProductCatalogApp.swift; sourceTree = "<group>"; };
		58C49F962CD3AA25000573F1 /* Assets.xcassets */ = {isa = PBXFileReference; lastKnownFileType = folder.assetcatalog; path = Assets.xcassets; sourceTree = "<group>"; };
		58C49F992CD3AA25000573F1 /* Preview Assets.xcassets */ = {isa = PBXFileReference; lastKnownFileType = folder.assetcatalog; path = "Preview Assets.xcassets"; sourceTree = "<group>"; };
		58C49FAD2CD3AD06000573F1 /* RootView.swift */ = {isa = PBXFileReference; lastKnownFileType = sourcecode.swift; path = RootView.swift; sourceTree = "<group>"; };
		58C49FB02CD3AD1C000573F1 /* RootViewModel.swift */ = {isa = PBXFileReference; lastKnownFileType = sourcecode.swift; path = RootViewModel.swift; sourceTree = "<group>"; };
		58C49FB22CD3AD50000573F1 /* AppRouter.swift */ = {isa = PBXFileReference; lastKnownFileType = sourcecode.swift; path = AppRouter.swift; sourceTree = "<group>"; };
		58C49FBA2CD3AEC5000573F1 /* HomeView.swift */ = {isa = PBXFileReference; lastKnownFileType = sourcecode.swift; path = HomeView.swift; sourceTree = "<group>"; };
		58C49FBE2CD3AED1000573F1 /* PreloaderView.swift */ = {isa = PBXFileReference; lastKnownFileType = sourcecode.swift; path = PreloaderView.swift; sourceTree = "<group>"; };
		58C49FC02CD3B050000573F1 /* View+extension.swift */ = {isa = PBXFileReference; lastKnownFileType = sourcecode.swift; path = "View+extension.swift"; sourceTree = "<group>"; };
		58C49FC22CD3B06E000573F1 /* AppSizes.swift */ = {isa = PBXFileReference; lastKnownFileType = sourcecode.swift; path = AppSizes.swift; sourceTree = "<group>"; };
		58C49FC42CD3B1E3000573F1 /* DependancyContainer.swift */ = {isa = PBXFileReference; lastKnownFileType = sourcecode.swift; path = DependancyContainer.swift; sourceTree = "<group>"; };
		58C49FC92CD3B30B000573F1 /* HomeViewModel.swift */ = {isa = PBXFileReference; lastKnownFileType = sourcecode.swift; path = HomeViewModel.swift; sourceTree = "<group>"; };
		58C49FCD2CD62B21000573F1 /* LoadingView.swift */ = {isa = PBXFileReference; lastKnownFileType = sourcecode.swift; path = LoadingView.swift; sourceTree = "<group>"; };
		58C4A0122CD65F6E000573F1 /* AsyncImage.swift */ = {isa = PBXFileReference; lastKnownFileType = sourcecode.swift; path = AsyncImage.swift; sourceTree = "<group>"; };
		58C4A0142CD65F8C000573F1 /* ImageLoader.swift */ = {isa = PBXFileReference; lastKnownFileType = sourcecode.swift; path = ImageLoader.swift; sourceTree = "<group>"; };
		58C4A0162CD65FA7000573F1 /* SharedImageCache.swift */ = {isa = PBXFileReference; lastKnownFileType = sourcecode.swift; path = SharedImageCache.swift; sourceTree = "<group>"; };
		58C4A0192CD66016000573F1 /* CustomProgressView.swift */ = {isa = PBXFileReference; lastKnownFileType = sourcecode.swift; path = CustomProgressView.swift; sourceTree = "<group>"; };
/* End PBXFileReference section */

/* Begin PBXFrameworksBuildPhase section */
		585854AE2CE7C00800BDDC20 /* Frameworks */ = {
			isa = PBXFrameworksBuildPhase;
			buildActionMask = 2147483647;
			files = (
			);
			runOnlyForDeploymentPostprocessing = 0;
		};
		585854BD2CE8C4EF00BDDC20 /* Frameworks */ = {
			isa = PBXFrameworksBuildPhase;
			buildActionMask = 2147483647;
			files = (
			);
			runOnlyForDeploymentPostprocessing = 0;
		};
		58C49F8C2CD3AA22000573F1 /* Frameworks */ = {
			isa = PBXFrameworksBuildPhase;
			buildActionMask = 2147483647;
			files = (
			);
			runOnlyForDeploymentPostprocessing = 0;
		};
/* End PBXFrameworksBuildPhase section */

/* Begin PBXGroup section */
		5810D03A2D006A7A00ED3D12 /* Fonts */ = {
			isa = PBXGroup;
			children = (
				5810D03D2D006ACF00ED3D12 /* AktivGroteskCorp-Bold.ttf */,
				5810D0402D006AD500ED3D12 /* AktivGroteskCorp-Medium.ttf */,
			);
			path = Fonts;
			sourceTree = "<group>";
		};
		5858543D2CD6E3F300BDDC20 /* Text */ = {
			isa = PBXGroup;
			children = (
				5858543E2CD6E40000BDDC20 /* AppTextMain.swift */,
				585854542CD9137800BDDC20 /* Errors.swift */,
				585854612CD940E200BDDC20 /* Alert.swift */,
			);
			path = Text;
			sourceTree = "<group>";
		};
		585854582CD9266800BDDC20 /* Models */ = {
			isa = PBXGroup;
			children = (
				5858544E2CD9135000BDDC20 /* Endpoint.swift */,
				585854502CD9135900BDDC20 /* Response.swift */,
			);
			path = Models;
			sourceTree = "<group>";
		};
		585854732CD971AA00BDDC20 /* PreloaderView */ = {
			isa = PBXGroup;
			children = (
				58C49FBE2CD3AED1000573F1 /* PreloaderView.swift */,
			);
			path = PreloaderView;
			sourceTree = "<group>";
		};
		585854B22CE7C00800BDDC20 /* ProductCatalog_Tests */ = {
			isa = PBXGroup;
			children = (
				585854BA2CE7C04600BDDC20 /* HomeViewModel_Tests.swift */,
			);
			path = ProductCatalog_Tests;
			sourceTree = "<group>";
		};
		585854C12CE8C4EF00BDDC20 /* ProductCatalog_UITests */ = {
			isa = PBXGroup;
			children = (
				585854CB2CE8C62700BDDC20 /* HomeView_UITests.swift */,
			);
			path = ProductCatalog_UITests;
			sourceTree = "<group>";
		};
		58C49F862CD3AA22000573F1 = {
			isa = PBXGroup;
			children = (
				58C49F912CD3AA22000573F1 /* ProductCatalog */,
				585854B22CE7C00800BDDC20 /* ProductCatalog_Tests */,
				585854C12CE8C4EF00BDDC20 /* ProductCatalog_UITests */,
				58C49F902CD3AA22000573F1 /* Products */,
			);
			sourceTree = "<group>";
		};
		58C49F902CD3AA22000573F1 /* Products */ = {
			isa = PBXGroup;
			children = (
				58C49F8F2CD3AA22000573F1 /* ProductCatalog.app */,
				585854B12CE7C00800BDDC20 /* ProductCatalog_Tests.xctest */,
				585854C02CE8C4EF00BDDC20 /* ProductCatalog_UITests.xctest */,
			);
			name = Products;
			sourceTree = "<group>";
		};
		58C49F912CD3AA22000573F1 /* ProductCatalog */ = {
			isa = PBXGroup;
			children = (
				58C49FA62CD3AA8B000573F1 /* App */,
				58C49FA52CD3AA84000573F1 /* Modules */,
				58C49FA42CD3AA78000573F1 /* Features */,
				58C49FA32CD3AA71000573F1 /* ReusableViews */,
				58C49FA22CD3AA6A000573F1 /* Models */,
				58C49FA12CD3AA64000573F1 /* Resources */,
				58C49FA02CD3AA59000573F1 /* Extensions */,
				58C49F982CD3AA25000573F1 /* Preview Content */,
			);
			path = ProductCatalog;
			sourceTree = "<group>";
		};
		58C49F982CD3AA25000573F1 /* Preview Content */ = {
			isa = PBXGroup;
			children = (
				58C49F992CD3AA25000573F1 /* Preview Assets.xcassets */,
			);
			path = "Preview Content";
			sourceTree = "<group>";
		};
		58C49FA02CD3AA59000573F1 /* Extensions */ = {
			isa = PBXGroup;
			children = (
				58C49FA72CD3AA9F000573F1 /* View+extension */,
				5858543A2CD6CC6600BDDC20 /* Font+Aktiv.swift */,
				5810D0342CFF6EB200ED3D12 /* UIImage+extension.swift */,
				585854402CD6E44B00BDDC20 /* Text+extension.swift */,
				585854562CD913B100BDDC20 /* GlobalFunctions.swift */,
			);
			path = Extensions;
			sourceTree = "<group>";
		};
		58C49FA12CD3AA64000573F1 /* Resources */ = {
			isa = PBXGroup;
			children = (
				5810D03A2D006A7A00ED3D12 /* Fonts */,
				5858543D2CD6E3F300BDDC20 /* Text */,
				58C49F962CD3AA25000573F1 /* Assets.xcassets */,
				58C49FC22CD3B06E000573F1 /* AppSizes.swift */,
				585854692CD95BD300BDDC20 /* AppShadows.swift */,
			);
			path = Resources;
			sourceTree = "<group>";
		};
		58C49FA22CD3AA6A000573F1 /* Models */ = {
			isa = PBXGroup;
			children = (
				5810D0452D006B5600ED3D12 /* AlertError.swift */,
				5810D0472D006B6400ED3D12 /* Product.swift */,
			);
			path = Models;
			sourceTree = "<group>";
		};
		58C49FA32CD3AA71000573F1 /* ReusableViews */ = {
			isa = PBXGroup;
			children = (
				58C49FCD2CD62B21000573F1 /* LoadingView.swift */,
				585854632CD95B8B00BDDC20 /* ScrollTrackingView.swift */,
				585854652CD95BA500BDDC20 /* ArrowUpButtonView.swift */,
				58C4A0192CD66016000573F1 /* CustomProgressView.swift */,
			);
			path = ReusableViews;
			sourceTree = "<group>";
		};
		58C49FA42CD3AA78000573F1 /* Features */ = {
			isa = PBXGroup;
			children = (
				585854732CD971AA00BDDC20 /* PreloaderView */,
				58C49FB42CD3AE90000573F1 /* HomeView */,
			);
			path = Features;
			sourceTree = "<group>";
		};
		58C49FA52CD3AA84000573F1 /* Modules */ = {
			isa = PBXGroup;
			children = (
				58C49FAB2CD3AAE6000573F1 /* DependancyContainer */,
				58C49FAA2CD3AAE0000573F1 /* Navigating */,
				58C49FA92CD3AAD9000573F1 /* Network */,
			);
			path = Modules;
			sourceTree = "<group>";
		};
		58C49FA62CD3AA8B000573F1 /* App */ = {
			isa = PBXGroup;
			children = (
				5858544B2CD6E8EF00BDDC20 /* Info.plist */,
				58C49F922CD3AA22000573F1 /* ProductCatalogApp.swift */,
				58C49FAC2CD3ACFA000573F1 /* Views */,
				58C49FAF2CD3AD11000573F1 /* ViewModels */,
			);
			path = App;
			sourceTree = "<group>";
		};
		58C49FA72CD3AA9F000573F1 /* View+extension */ = {
			isa = PBXGroup;
			children = (
				58C49FC02CD3B050000573F1 /* View+extension.swift */,
				5858545D2CD93E4600BDDC20 /* View+Alert.swift */,
				585854672CD95BC100BDDC20 /* View+Shadow.swift */,
				5858546F2CD96BCC00BDDC20 /* View+ProductDetailView.swift */,
			);
			path = "View+extension";
			sourceTree = "<group>";
		};
		58C49FA92CD3AAD9000573F1 /* Network */ = {
			isa = PBXGroup;
			children = (
				58C4A0182CD65FBF000573F1 /* Helpers */,
				5858544C2CD9132400BDDC20 /* APIClient.swift */,
				585854592CD9269A00BDDC20 /* DummyjsonAPI.swift */,
				585854582CD9266800BDDC20 /* Models */,
				585854522CD9136300BDDC20 /* NetworkError.swift */,
			);
			path = Network;
			sourceTree = "<group>";
		};
		58C49FAA2CD3AAE0000573F1 /* Navigating */ = {
			isa = PBXGroup;
			children = (
				58C49FB22CD3AD50000573F1 /* AppRouter.swift */,
			);
			path = Navigating;
			sourceTree = "<group>";
		};
		58C49FAB2CD3AAE6000573F1 /* DependancyContainer */ = {
			isa = PBXGroup;
			children = (
				58C49FC42CD3B1E3000573F1 /* DependancyContainer.swift */,
			);
			path = DependancyContainer;
			sourceTree = "<group>";
		};
		58C49FAC2CD3ACFA000573F1 /* Views */ = {
			isa = PBXGroup;
			children = (
				58C49FAD2CD3AD06000573F1 /* RootView.swift */,
			);
			path = Views;
			sourceTree = "<group>";
		};
		58C49FAF2CD3AD11000573F1 /* ViewModels */ = {
			isa = PBXGroup;
			children = (
				58C49FB02CD3AD1C000573F1 /* RootViewModel.swift */,
			);
			path = ViewModels;
			sourceTree = "<group>";
		};
		58C49FB42CD3AE90000573F1 /* HomeView */ = {
			isa = PBXGroup;
			children = (
				58C49FB62CD3AEA6000573F1 /* Views */,
				58C49FB82CD3AEB2000573F1 /* ViewModels */,
			);
			path = HomeView;
			sourceTree = "<group>";
		};
		58C49FB62CD3AEA6000573F1 /* Views */ = {
			isa = PBXGroup;
			children = (
				58C49FBA2CD3AEC5000573F1 /* HomeView.swift */,
				5858546B2CD964E300BDDC20 /* ProductGridCardView.swift */,
				585854712CD96C1200BDDC20 /* ProductDetailView.swift */,
			);
			path = Views;
			sourceTree = "<group>";
		};
		58C49FB82CD3AEB2000573F1 /* ViewModels */ = {
			isa = PBXGroup;
			children = (
				58C49FC92CD3B30B000573F1 /* HomeViewModel.swift */,
			);
			path = ViewModels;
			sourceTree = "<group>";
		};
		58C4A0182CD65FBF000573F1 /* Helpers */ = {
			isa = PBXGroup;
			children = (
				58C4A0122CD65F6E000573F1 /* AsyncImage.swift */,
				58C4A0142CD65F8C000573F1 /* ImageLoader.swift */,
				58C4A0162CD65FA7000573F1 /* SharedImageCache.swift */,
			);
			path = Helpers;
			sourceTree = "<group>";
		};
/* End PBXGroup section */

/* Begin PBXNativeTarget section */
		585854B02CE7C00800BDDC20 /* ProductCatalog_Tests */ = {
			isa = PBXNativeTarget;
			buildConfigurationList = 585854B92CE7C00800BDDC20 /* Build configuration list for PBXNativeTarget "ProductCatalog_Tests" */;
			buildPhases = (
				585854AD2CE7C00800BDDC20 /* Sources */,
				585854AE2CE7C00800BDDC20 /* Frameworks */,
				585854AF2CE7C00800BDDC20 /* Resources */,
			);
			buildRules = (
			);
			dependencies = (
				585854B62CE7C00800BDDC20 /* PBXTargetDependency */,
			);
			name = ProductCatalog_Tests;
			productName = ProductCatalog_Tests;
			productReference = 585854B12CE7C00800BDDC20 /* ProductCatalog_Tests.xctest */;
			productType = "com.apple.product-type.bundle.unit-test";
		};
		585854BF2CE8C4EF00BDDC20 /* ProductCatalog_UITests */ = {
			isa = PBXNativeTarget;
			buildConfigurationList = 585854C82CE8C4EF00BDDC20 /* Build configuration list for PBXNativeTarget "ProductCatalog_UITests" */;
			buildPhases = (
				585854BC2CE8C4EF00BDDC20 /* Sources */,
				585854BD2CE8C4EF00BDDC20 /* Frameworks */,
				585854BE2CE8C4EF00BDDC20 /* Resources */,
			);
			buildRules = (
			);
			dependencies = (
				585854C72CE8C4EF00BDDC20 /* PBXTargetDependency */,
			);
			name = ProductCatalog_UITests;
			productName = ProductCatalog_UITests;
			productReference = 585854C02CE8C4EF00BDDC20 /* ProductCatalog_UITests.xctest */;
			productType = "com.apple.product-type.bundle.ui-testing";
		};
		58C49F8E2CD3AA22000573F1 /* ProductCatalog */ = {
			isa = PBXNativeTarget;
			buildConfigurationList = 58C49F9D2CD3AA25000573F1 /* Build configuration list for PBXNativeTarget "ProductCatalog" */;
			buildPhases = (
				58C49F8B2CD3AA22000573F1 /* Sources */,
				58C49F8C2CD3AA22000573F1 /* Frameworks */,
				58C49F8D2CD3AA22000573F1 /* Resources */,
			);
			buildRules = (
			);
			dependencies = (
			);
			name = ProductCatalog;
			productName = ProductCatalog;
			productReference = 58C49F8F2CD3AA22000573F1 /* ProductCatalog.app */;
			productType = "com.apple.product-type.application";
		};
/* End PBXNativeTarget section */

/* Begin PBXProject section */
		58C49F872CD3AA22000573F1 /* Project object */ = {
			isa = PBXProject;
			attributes = {
				BuildIndependentTargetsInParallel = 1;
				LastSwiftUpdateCheck = 1530;
				LastUpgradeCheck = 1530;
				TargetAttributes = {
					585854B02CE7C00800BDDC20 = {
						CreatedOnToolsVersion = 15.3;
						TestTargetID = 58C49F8E2CD3AA22000573F1;
					};
					585854BF2CE8C4EF00BDDC20 = {
						CreatedOnToolsVersion = 15.3;
						TestTargetID = 58C49F8E2CD3AA22000573F1;
					};
					58C49F8E2CD3AA22000573F1 = {
						CreatedOnToolsVersion = 15.3;
					};
				};
			};
			buildConfigurationList = 58C49F8A2CD3AA22000573F1 /* Build configuration list for PBXProject "ProductCatalog" */;
			compatibilityVersion = "Xcode 14.0";
			developmentRegion = en;
			hasScannedForEncodings = 0;
			knownRegions = (
				en,
				Base,
			);
			mainGroup = 58C49F862CD3AA22000573F1;
			productRefGroup = 58C49F902CD3AA22000573F1 /* Products */;
			projectDirPath = "";
			projectRoot = "";
			targets = (
				58C49F8E2CD3AA22000573F1 /* ProductCatalog */,
				585854B02CE7C00800BDDC20 /* ProductCatalog_Tests */,
				585854BF2CE8C4EF00BDDC20 /* ProductCatalog_UITests */,
			);
		};
/* End PBXProject section */

/* Begin PBXResourcesBuildPhase section */
		585854AF2CE7C00800BDDC20 /* Resources */ = {
			isa = PBXResourcesBuildPhase;
			buildActionMask = 2147483647;
			files = (
			);
			runOnlyForDeploymentPostprocessing = 0;
		};
		585854BE2CE8C4EF00BDDC20 /* Resources */ = {
			isa = PBXResourcesBuildPhase;
			buildActionMask = 2147483647;
			files = (
				5810D03F2D006ACF00ED3D12 /* AktivGroteskCorp-Bold.ttf in Resources */,
				5810D0422D006AD500ED3D12 /* AktivGroteskCorp-Medium.ttf in Resources */,
			);
			runOnlyForDeploymentPostprocessing = 0;
		};
		58C49F8D2CD3AA22000573F1 /* Resources */ = {
			isa = PBXResourcesBuildPhase;
			buildActionMask = 2147483647;
			files = (
				58C49F9A2CD3AA25000573F1 /* Preview Assets.xcassets in Resources */,
				58C49F972CD3AA25000573F1 /* Assets.xcassets in Resources */,
				5810D03E2D006ACF00ED3D12 /* AktivGroteskCorp-Bold.ttf in Resources */,
				5810D0412D006AD500ED3D12 /* AktivGroteskCorp-Medium.ttf in Resources */,
			);
			runOnlyForDeploymentPostprocessing = 0;
		};
/* End PBXResourcesBuildPhase section */

/* Begin PBXSourcesBuildPhase section */
		585854AD2CE7C00800BDDC20 /* Sources */ = {
			isa = PBXSourcesBuildPhase;
			buildActionMask = 2147483647;
			files = (
				585854BB2CE7C04600BDDC20 /* HomeViewModel_Tests.swift in Sources */,
			);
			runOnlyForDeploymentPostprocessing = 0;
		};
		585854BC2CE8C4EF00BDDC20 /* Sources */ = {
			isa = PBXSourcesBuildPhase;
			buildActionMask = 2147483647;
			files = (
				585854CC2CE8C62800BDDC20 /* HomeView_UITests.swift in Sources */,
			);
			runOnlyForDeploymentPostprocessing = 0;
		};
		58C49F8B2CD3AA22000573F1 /* Sources */ = {
			isa = PBXSourcesBuildPhase;
			buildActionMask = 2147483647;
			files = (
				585854412CD6E44B00BDDC20 /* Text+extension.swift in Sources */,
				585854722CD96C1200BDDC20 /* ProductDetailView.swift in Sources */,
				5858545E2CD93E4600BDDC20 /* View+Alert.swift in Sources */,
				5858546C2CD964E300BDDC20 /* ProductGridCardView.swift in Sources */,
				585854532CD9136300BDDC20 /* NetworkError.swift in Sources */,
				5858544F2CD9135000BDDC20 /* Endpoint.swift in Sources */,
				58C49FC52CD3B1E3000573F1 /* DependancyContainer.swift in Sources */,
				58C49FB32CD3AD50000573F1 /* AppRouter.swift in Sources */,
				58C49FAE2CD3AD06000573F1 /* RootView.swift in Sources */,
				58C49FC12CD3B050000573F1 /* View+extension.swift in Sources */,
				58C4A01A2CD66016000573F1 /* CustomProgressView.swift in Sources */,
				5858543F2CD6E40000BDDC20 /* AppTextMain.swift in Sources */,
				5858544D2CD9132400BDDC20 /* APIClient.swift in Sources */,
				5858545A2CD9269A00BDDC20 /* DummyjsonAPI.swift in Sources */,
				58C49FBF2CD3AED1000573F1 /* PreloaderView.swift in Sources */,
				585854662CD95BA500BDDC20 /* ArrowUpButtonView.swift in Sources */,
				58C49FB12CD3AD1C000573F1 /* RootViewModel.swift in Sources */,
				585854622CD940E200BDDC20 /* Alert.swift in Sources */,
				585854572CD913B100BDDC20 /* GlobalFunctions.swift in Sources */,
				5858546A2CD95BD300BDDC20 /* AppShadows.swift in Sources */,
				585854642CD95B8B00BDDC20 /* ScrollTrackingView.swift in Sources */,
				585854552CD9137800BDDC20 /* Errors.swift in Sources */,
				58C4A0152CD65F8C000573F1 /* ImageLoader.swift in Sources */,
				5810D0352CFF6EB200ED3D12 /* UIImage+extension.swift in Sources */,
				585854702CD96BCC00BDDC20 /* View+ProductDetailView.swift in Sources */,
				58C49FCA2CD3B30B000573F1 /* HomeViewModel.swift in Sources */,
				58C4A0172CD65FA7000573F1 /* SharedImageCache.swift in Sources */,
				5810D0482D006B6400ED3D12 /* Product.swift in Sources */,
				58C4A0132CD65F6F000573F1 /* AsyncImage.swift in Sources */,
				58C49FBB2CD3AEC5000573F1 /* HomeView.swift in Sources */,
				5810D0462D006B5600ED3D12 /* AlertError.swift in Sources */,
				585854512CD9135900BDDC20 /* Response.swift in Sources */,
				585854682CD95BC100BDDC20 /* View+Shadow.swift in Sources */,
				58C49F932CD3AA22000573F1 /* ProductCatalogApp.swift in Sources */,
				58C49FCE2CD62B21000573F1 /* LoadingView.swift in Sources */,
				5858543B2CD6CC6600BDDC20 /* Font+Aktiv.swift in Sources */,
				58C49FC32CD3B06E000573F1 /* AppSizes.swift in Sources */,
			);
			runOnlyForDeploymentPostprocessing = 0;
		};
/* End PBXSourcesBuildPhase section */

/* Begin PBXTargetDependency section */
		585854B62CE7C00800BDDC20 /* PBXTargetDependency */ = {
			isa = PBXTargetDependency;
			target = 58C49F8E2CD3AA22000573F1 /* ProductCatalog */;
			targetProxy = 585854B52CE7C00800BDDC20 /* PBXContainerItemProxy */;
		};
		585854C72CE8C4EF00BDDC20 /* PBXTargetDependency */ = {
			isa = PBXTargetDependency;
			target = 58C49F8E2CD3AA22000573F1 /* ProductCatalog */;
			targetProxy = 585854C62CE8C4EF00BDDC20 /* PBXContainerItemProxy */;
		};
/* End PBXTargetDependency section */

/* Begin XCBuildConfiguration section */
		585854B72CE7C00800BDDC20 /* Debug */ = {
			isa = XCBuildConfiguration;
			buildSettings = {
				BUNDLE_LOADER = "$(TEST_HOST)";
				CODE_SIGN_STYLE = Automatic;
				CURRENT_PROJECT_VERSION = 1;
				DEVELOPMENT_TEAM = 3N225TZ4SD;
				GENERATE_INFOPLIST_FILE = YES;
				IPHONEOS_DEPLOYMENT_TARGET = 17.4;
				MARKETING_VERSION = 1.0;
				PRODUCT_BUNDLE_IDENTIFIER = "com.v.ProductCatalog-Tests";
				PRODUCT_NAME = "$(TARGET_NAME)";
				SWIFT_EMIT_LOC_STRINGS = NO;
				SWIFT_VERSION = 5.0;
				TARGETED_DEVICE_FAMILY = "1,2";
				TEST_HOST = "$(BUILT_PRODUCTS_DIR)/ProductCatalog.app/$(BUNDLE_EXECUTABLE_FOLDER_PATH)/ProductCatalog";
			};
			name = Debug;
		};
		585854B82CE7C00800BDDC20 /* Release */ = {
			isa = XCBuildConfiguration;
			buildSettings = {
				BUNDLE_LOADER = "$(TEST_HOST)";
				CODE_SIGN_STYLE = Automatic;
				CURRENT_PROJECT_VERSION = 1;
				DEVELOPMENT_TEAM = 3N225TZ4SD;
				GENERATE_INFOPLIST_FILE = YES;
				IPHONEOS_DEPLOYMENT_TARGET = 17.4;
				MARKETING_VERSION = 1.0;
				PRODUCT_BUNDLE_IDENTIFIER = "com.v.ProductCatalog-Tests";
				PRODUCT_NAME = "$(TARGET_NAME)";
				SWIFT_EMIT_LOC_STRINGS = NO;
				SWIFT_VERSION = 5.0;
				TARGETED_DEVICE_FAMILY = "1,2";
				TEST_HOST = "$(BUILT_PRODUCTS_DIR)/ProductCatalog.app/$(BUNDLE_EXECUTABLE_FOLDER_PATH)/ProductCatalog";
			};
			name = Release;
		};
		585854C92CE8C4EF00BDDC20 /* Debug */ = {
			isa = XCBuildConfiguration;
			buildSettings = {
				CODE_SIGN_STYLE = Automatic;
				CURRENT_PROJECT_VERSION = 1;
				DEVELOPMENT_TEAM = 3N225TZ4SD;
				GENERATE_INFOPLIST_FILE = YES;
				IPHONEOS_DEPLOYMENT_TARGET = 17.4;
				MARKETING_VERSION = 1.0;
				PRODUCT_BUNDLE_IDENTIFIER = "com.v.ProductCatalog-UITests";
				PRODUCT_NAME = "$(TARGET_NAME)";
				SWIFT_EMIT_LOC_STRINGS = NO;
				SWIFT_VERSION = 5.0;
				TARGETED_DEVICE_FAMILY = "1,2";
				TEST_TARGET_NAME = ProductCatalog;
			};
			name = Debug;
		};
		585854CA2CE8C4EF00BDDC20 /* Release */ = {
			isa = XCBuildConfiguration;
			buildSettings = {
				CODE_SIGN_STYLE = Automatic;
				CURRENT_PROJECT_VERSION = 1;
				DEVELOPMENT_TEAM = 3N225TZ4SD;
				GENERATE_INFOPLIST_FILE = YES;
				IPHONEOS_DEPLOYMENT_TARGET = 17.4;
				MARKETING_VERSION = 1.0;
				PRODUCT_BUNDLE_IDENTIFIER = "com.v.ProductCatalog-UITests";
				PRODUCT_NAME = "$(TARGET_NAME)";
				SWIFT_EMIT_LOC_STRINGS = NO;
				SWIFT_VERSION = 5.0;
				TARGETED_DEVICE_FAMILY = "1,2";
				TEST_TARGET_NAME = ProductCatalog;
			};
			name = Release;
		};
		58C49F9B2CD3AA25000573F1 /* Debug */ = {
			isa = XCBuildConfiguration;
			buildSettings = {
				ALWAYS_SEARCH_USER_PATHS = NO;
				ASSETCATALOG_COMPILER_GENERATE_SWIFT_ASSET_SYMBOL_EXTENSIONS = YES;
				CLANG_ANALYZER_NONNULL = YES;
				CLANG_ANALYZER_NUMBER_OBJECT_CONVERSION = YES_AGGRESSIVE;
				CLANG_CXX_LANGUAGE_STANDARD = "gnu++20";
				CLANG_ENABLE_MODULES = YES;
				CLANG_ENABLE_OBJC_ARC = YES;
				CLANG_ENABLE_OBJC_WEAK = YES;
				CLANG_WARN_BLOCK_CAPTURE_AUTORELEASING = YES;
				CLANG_WARN_BOOL_CONVERSION = YES;
				CLANG_WARN_COMMA = YES;
				CLANG_WARN_CONSTANT_CONVERSION = YES;
				CLANG_WARN_DEPRECATED_OBJC_IMPLEMENTATIONS = YES;
				CLANG_WARN_DIRECT_OBJC_ISA_USAGE = YES_ERROR;
				CLANG_WARN_DOCUMENTATION_COMMENTS = YES;
				CLANG_WARN_EMPTY_BODY = YES;
				CLANG_WARN_ENUM_CONVERSION = YES;
				CLANG_WARN_INFINITE_RECURSION = YES;
				CLANG_WARN_INT_CONVERSION = YES;
				CLANG_WARN_NON_LITERAL_NULL_CONVERSION = YES;
				CLANG_WARN_OBJC_IMPLICIT_RETAIN_SELF = YES;
				CLANG_WARN_OBJC_LITERAL_CONVERSION = YES;
				CLANG_WARN_OBJC_ROOT_CLASS = YES_ERROR;
				CLANG_WARN_QUOTED_INCLUDE_IN_FRAMEWORK_HEADER = YES;
				CLANG_WARN_RANGE_LOOP_ANALYSIS = YES;
				CLANG_WARN_STRICT_PROTOTYPES = YES;
				CLANG_WARN_SUSPICIOUS_MOVE = YES;
				CLANG_WARN_UNGUARDED_AVAILABILITY = YES_AGGRESSIVE;
				CLANG_WARN_UNREACHABLE_CODE = YES;
				CLANG_WARN__DUPLICATE_METHOD_MATCH = YES;
				COPY_PHASE_STRIP = NO;
				DEBUG_INFORMATION_FORMAT = dwarf;
				ENABLE_STRICT_OBJC_MSGSEND = YES;
				ENABLE_TESTABILITY = YES;
				ENABLE_USER_SCRIPT_SANDBOXING = YES;
				GCC_C_LANGUAGE_STANDARD = gnu17;
				GCC_DYNAMIC_NO_PIC = NO;
				GCC_NO_COMMON_BLOCKS = YES;
				GCC_OPTIMIZATION_LEVEL = 0;
				GCC_PREPROCESSOR_DEFINITIONS = (
					"DEBUG=1",
					"$(inherited)",
				);
				GCC_WARN_64_TO_32_BIT_CONVERSION = YES;
				GCC_WARN_ABOUT_RETURN_TYPE = YES_ERROR;
				GCC_WARN_UNDECLARED_SELECTOR = YES;
				GCC_WARN_UNINITIALIZED_AUTOS = YES_AGGRESSIVE;
				GCC_WARN_UNUSED_FUNCTION = YES;
				GCC_WARN_UNUSED_VARIABLE = YES;
				IPHONEOS_DEPLOYMENT_TARGET = 16.0;
				LOCALIZATION_PREFERS_STRING_CATALOGS = YES;
				MTL_ENABLE_DEBUG_INFO = INCLUDE_SOURCE;
				MTL_FAST_MATH = YES;
				ONLY_ACTIVE_ARCH = YES;
				SDKROOT = iphoneos;
				SWIFT_ACTIVE_COMPILATION_CONDITIONS = "DEBUG $(inherited)";
				SWIFT_OPTIMIZATION_LEVEL = "-Onone";
			};
			name = Debug;
		};
		58C49F9C2CD3AA25000573F1 /* Release */ = {
			isa = XCBuildConfiguration;
			buildSettings = {
				ALWAYS_SEARCH_USER_PATHS = NO;
				ASSETCATALOG_COMPILER_GENERATE_SWIFT_ASSET_SYMBOL_EXTENSIONS = YES;
				CLANG_ANALYZER_NONNULL = YES;
				CLANG_ANALYZER_NUMBER_OBJECT_CONVERSION = YES_AGGRESSIVE;
				CLANG_CXX_LANGUAGE_STANDARD = "gnu++20";
				CLANG_ENABLE_MODULES = YES;
				CLANG_ENABLE_OBJC_ARC = YES;
				CLANG_ENABLE_OBJC_WEAK = YES;
				CLANG_WARN_BLOCK_CAPTURE_AUTORELEASING = YES;
				CLANG_WARN_BOOL_CONVERSION = YES;
				CLANG_WARN_COMMA = YES;
				CLANG_WARN_CONSTANT_CONVERSION = YES;
				CLANG_WARN_DEPRECATED_OBJC_IMPLEMENTATIONS = YES;
				CLANG_WARN_DIRECT_OBJC_ISA_USAGE = YES_ERROR;
				CLANG_WARN_DOCUMENTATION_COMMENTS = YES;
				CLANG_WARN_EMPTY_BODY = YES;
				CLANG_WARN_ENUM_CONVERSION = YES;
				CLANG_WARN_INFINITE_RECURSION = YES;
				CLANG_WARN_INT_CONVERSION = YES;
				CLANG_WARN_NON_LITERAL_NULL_CONVERSION = YES;
				CLANG_WARN_OBJC_IMPLICIT_RETAIN_SELF = YES;
				CLANG_WARN_OBJC_LITERAL_CONVERSION = YES;
				CLANG_WARN_OBJC_ROOT_CLASS = YES_ERROR;
				CLANG_WARN_QUOTED_INCLUDE_IN_FRAMEWORK_HEADER = YES;
				CLANG_WARN_RANGE_LOOP_ANALYSIS = YES;
				CLANG_WARN_STRICT_PROTOTYPES = YES;
				CLANG_WARN_SUSPICIOUS_MOVE = YES;
				CLANG_WARN_UNGUARDED_AVAILABILITY = YES_AGGRESSIVE;
				CLANG_WARN_UNREACHABLE_CODE = YES;
				CLANG_WARN__DUPLICATE_METHOD_MATCH = YES;
				COPY_PHASE_STRIP = NO;
				DEBUG_INFORMATION_FORMAT = "dwarf-with-dsym";
				ENABLE_NS_ASSERTIONS = NO;
				ENABLE_STRICT_OBJC_MSGSEND = YES;
				ENABLE_USER_SCRIPT_SANDBOXING = YES;
				GCC_C_LANGUAGE_STANDARD = gnu17;
				GCC_NO_COMMON_BLOCKS = YES;
				GCC_WARN_64_TO_32_BIT_CONVERSION = YES;
				GCC_WARN_ABOUT_RETURN_TYPE = YES_ERROR;
				GCC_WARN_UNDECLARED_SELECTOR = YES;
				GCC_WARN_UNINITIALIZED_AUTOS = YES_AGGRESSIVE;
				GCC_WARN_UNUSED_FUNCTION = YES;
				GCC_WARN_UNUSED_VARIABLE = YES;
				IPHONEOS_DEPLOYMENT_TARGET = 16.0;
				LOCALIZATION_PREFERS_STRING_CATALOGS = YES;
				MTL_ENABLE_DEBUG_INFO = NO;
				MTL_FAST_MATH = YES;
				SDKROOT = iphoneos;
				SWIFT_COMPILATION_MODE = wholemodule;
				VALIDATE_PRODUCT = YES;
			};
			name = Release;
		};
		58C49F9E2CD3AA25000573F1 /* Debug */ = {
			isa = XCBuildConfiguration;
			buildSettings = {
				ASSETCATALOG_COMPILER_APPICON_NAME = AppIcon;
				ASSETCATALOG_COMPILER_GLOBAL_ACCENT_COLOR_NAME = AccentColor;
				CODE_SIGN_STYLE = Automatic;
				CURRENT_PROJECT_VERSION = 1;
				DEVELOPMENT_ASSET_PATHS = "\"ProductCatalog/Preview Content\"";
				DEVELOPMENT_TEAM = 3N225TZ4SD;
				ENABLE_PREVIEWS = YES;
				GENERATE_INFOPLIST_FILE = YES;
				INFOPLIST_FILE = ProductCatalog/App/Info.plist;
				INFOPLIST_KEY_UIApplicationSceneManifest_Generation = YES;
				INFOPLIST_KEY_UIApplicationSupportsIndirectInputEvents = YES;
				INFOPLIST_KEY_UILaunchScreen_Generation = YES;
				INFOPLIST_KEY_UISupportedInterfaceOrientations = UIInterfaceOrientationPortrait;
				IPHONEOS_DEPLOYMENT_TARGET = 16.0;
				LD_RUNPATH_SEARCH_PATHS = (
					"$(inherited)",
					"@executable_path/Frameworks",
				);
				MARKETING_VERSION = 1.0;
				PRODUCT_BUNDLE_IDENTIFIER = com.v.ProductCatalog;
				PRODUCT_NAME = "$(TARGET_NAME)";
				SUPPORTED_PLATFORMS = "iphoneos iphonesimulator";
				SUPPORTS_MACCATALYST = NO;
				SUPPORTS_MAC_DESIGNED_FOR_IPHONE_IPAD = NO;
				SUPPORTS_XR_DESIGNED_FOR_IPHONE_IPAD = NO;
				SWIFT_EMIT_LOC_STRINGS = YES;
				SWIFT_VERSION = 5.0;
				TARGETED_DEVICE_FAMILY = 1;
			};
			name = Debug;
		};
		58C49F9F2CD3AA25000573F1 /* Release */ = {
			isa = XCBuildConfiguration;
			buildSettings = {
				ASSETCATALOG_COMPILER_APPICON_NAME = AppIcon;
				ASSETCATALOG_COMPILER_GLOBAL_ACCENT_COLOR_NAME = AccentColor;
				CODE_SIGN_STYLE = Automatic;
				CURRENT_PROJECT_VERSION = 1;
				DEVELOPMENT_ASSET_PATHS = "\"ProductCatalog/Preview Content\"";
				DEVELOPMENT_TEAM = 3N225TZ4SD;
				ENABLE_PREVIEWS = YES;
				GENERATE_INFOPLIST_FILE = YES;
				INFOPLIST_FILE = ProductCatalog/App/Info.plist;
				INFOPLIST_KEY_UIApplicationSceneManifest_Generation = YES;
				INFOPLIST_KEY_UIApplicationSupportsIndirectInputEvents = YES;
				INFOPLIST_KEY_UILaunchScreen_Generation = YES;
				INFOPLIST_KEY_UISupportedInterfaceOrientations = UIInterfaceOrientationPortrait;
				IPHONEOS_DEPLOYMENT_TARGET = 16.0;
				LD_RUNPATH_SEARCH_PATHS = (
					"$(inherited)",
					"@executable_path/Frameworks",
				);
				MARKETING_VERSION = 1.0;
				PRODUCT_BUNDLE_IDENTIFIER = com.v.ProductCatalog;
				PRODUCT_NAME = "$(TARGET_NAME)";
				SUPPORTED_PLATFORMS = "iphoneos iphonesimulator";
				SUPPORTS_MACCATALYST = NO;
				SUPPORTS_MAC_DESIGNED_FOR_IPHONE_IPAD = NO;
				SUPPORTS_XR_DESIGNED_FOR_IPHONE_IPAD = NO;
				SWIFT_EMIT_LOC_STRINGS = YES;
				SWIFT_VERSION = 5.0;
				TARGETED_DEVICE_FAMILY = 1;
			};
			name = Release;
		};
/* End XCBuildConfiguration section */

/* Begin XCConfigurationList section */
		585854B92CE7C00800BDDC20 /* Build configuration list for PBXNativeTarget "ProductCatalog_Tests" */ = {
			isa = XCConfigurationList;
			buildConfigurations = (
				585854B72CE7C00800BDDC20 /* Debug */,
				585854B82CE7C00800BDDC20 /* Release */,
			);
			defaultConfigurationIsVisible = 0;
			defaultConfigurationName = Release;
		};
		585854C82CE8C4EF00BDDC20 /* Build configuration list for PBXNativeTarget "ProductCatalog_UITests" */ = {
			isa = XCConfigurationList;
			buildConfigurations = (
				585854C92CE8C4EF00BDDC20 /* Debug */,
				585854CA2CE8C4EF00BDDC20 /* Release */,
			);
			defaultConfigurationIsVisible = 0;
			defaultConfigurationName = Release;
		};
		58C49F8A2CD3AA22000573F1 /* Build configuration list for PBXProject "ProductCatalog" */ = {
			isa = XCConfigurationList;
			buildConfigurations = (
				58C49F9B2CD3AA25000573F1 /* Debug */,
				58C49F9C2CD3AA25000573F1 /* Release */,
			);
			defaultConfigurationIsVisible = 0;
			defaultConfigurationName = Release;
		};
		58C49F9D2CD3AA25000573F1 /* Build configuration list for PBXNativeTarget "ProductCatalog" */ = {
			isa = XCConfigurationList;
			buildConfigurations = (
				58C49F9E2CD3AA25000573F1 /* Debug */,
				58C49F9F2CD3AA25000573F1 /* Release */,
			);
			defaultConfigurationIsVisible = 0;
			defaultConfigurationName = Release;
		};
/* End XCConfigurationList section */
	};
	rootObject = 58C49F872CD3AA22000573F1 /* Project object */;
}
